
Microsoft Visual Studio Solution File, Format Version 12.00
# Visual Studio Version 17
VisualStudioVersion = 17.3.32804.467
MinimumVisualStudioVersion = 10.0.40219.1
Project("{FAE04EC0-301F-11D3-BF4B-00C04F79EFBC}") = "Problem.Name", "Problem.Name\Problem.Name.csproj", "{A9D38CD4-4D3E-489B-AF7F-F6C92508058D}"
EndProject
Project("{9A19103F-16F7-4668-BE54-9A1E7A4F7556}") = "Benchmarking", "Benchmarking\Benchmarking.csproj", "{1FDB047E-795D-4A33-870E-6E37549D6BEC}"
EndProject
Project("{9A19103F-16F7-4668-BE54-9A1E7A4F7556}") = "Tests", "Tests\Tests.csproj", "{A94762B4-A449-4616-8626-7FC5A7A15974}"
EndProject
Global
	GlobalSection(SolutionConfigurationPlatforms) = preSolution
		Debug|Any CPU = Debug|Any CPU
		Release|Any CPU = Release|Any CPU
	EndGlobalSection
	GlobalSection(ProjectConfigurationPlatforms) = postSolution
		{A9D38CD4-4D3E-489B-AF7F-F6C92508058D}.Debug|Any CPU.ActiveCfg = Debug|Any CPU
		{A9D38CD4-4D3E-489B-AF7F-F6C92508058D}.Debug|Any CPU.Build.0 = Debug|Any CPU
		{A9D38CD4-4D3E-489B-AF7F-F6C92508058D}.Release|Any CPU.ActiveCfg = Release|Any CPU
		{A9D38CD4-4D3E-489B-AF7F-F6C92508058D}.Release|Any CPU.Build.0 = Release|Any CPU
		{1FDB047E-795D-4A33-870E-6E37549D6BEC}.Debug|Any CPU.ActiveCfg = Debug|Any CPU
		{1FDB047E-795D-4A33-870E-6E37549D6BEC}.Debug|Any CPU.Build.0 = Debug|Any CPU
		{1FDB047E-795D-4A33-870E-6E37549D6BEC}.Release|Any CPU.ActiveCfg = Release|Any CPU
		{1FDB047E-795D-4A33-870E-6E37549D6BEC}.Release|Any CPU.Build.0 = Release|Any CPU
		{A94762B4-A449-4616-8626-7FC5A7A15974}.Debug|Any CPU.ActiveCfg = Debug|Any CPU
		{A94762B4-A449-4616-8626-7FC5A7A15974}.Debug|Any CPU.Build.0 = Debug|Any CPU
		{A94762B4-A449-4616-8626-7FC5A7A15974}.Release|Any CPU.ActiveCfg = Release|Any CPU
		{A94762B4-A449-4616-8626-7FC5A7A15974}.Release|Any CPU.Build.0 = Release|Any CPU
	EndGlobalSection
	GlobalSection(SolutionProperties) = preSolution
		HideSolutionNode = FALSE
	EndGlobalSection
	GlobalSection(ExtensibilityGlobals) = postSolution
		SolutionGuid = {2F63D35A-9317-48DB-9587-D4C487983C7E}
	EndGlobalSection
EndGlobal
